
Microsoft Visual Studio Solution File, Format Version 12.00
# Visual Studio Version 17
VisualStudioVersion = 17.11.35312.102
MinimumVisualStudioVersion = 10.0.40219.1
Project("{9A19103F-16F7-4668-BE54-9A1E7A4F7556}") = "DrawApi", "DrawApi.csproj", "{D16556B9-CD1F-4CFE-8F56-C02128878A25}"
EndProject
Project("{9A19103F-16F7-4668-BE54-9A1E7A4F7556}") = "DrawClientMaui", "..\DrawClientMaui\DrawClientMaui.csproj", "{39CB4AB0-9F34-48A8-90AD-D2D50E65079E}"
EndProject
Global
	GlobalSection(SolutionConfigurationPlatforms) = preSolution
		Debug|Any CPU = Debug|Any CPU
		Release|Any CPU = Release|Any CPU
	EndGlobalSection
	GlobalSection(ProjectConfigurationPlatforms) = postSolution
		{D16556B9-CD1F-4CFE-8F56-C02128878A25}.Debug|Any CPU.ActiveCfg = Debug|Any CPU
		{D16556B9-CD1F-4CFE-8F56-C02128878A25}.Debug|Any CPU.Build.0 = Debug|Any CPU
		{D16556B9-CD1F-4CFE-8F56-C02128878A25}.Release|Any CPU.ActiveCfg = Release|Any CPU
		{D16556B9-CD1F-4CFE-8F56-C02128878A25}.Release|Any CPU.Build.0 = Release|Any CPU
		{39CB4AB0-9F34-48A8-90AD-D2D50E65079E}.Debug|Any CPU.ActiveCfg = Debug|Any CPU
		{39CB4AB0-9F34-48A8-90AD-D2D50E65079E}.Debug|Any CPU.Build.0 = Debug|Any CPU
		{39CB4AB0-9F34-48A8-90AD-D2D50E65079E}.Debug|Any CPU.Deploy.0 = Debug|Any CPU
		{39CB4AB0-9F34-48A8-90AD-D2D50E65079E}.Release|Any CPU.ActiveCfg = Release|Any CPU
		{39CB4AB0-9F34-48A8-90AD-D2D50E65079E}.Release|Any CPU.Build.0 = Release|Any CPU
		{39CB4AB0-9F34-48A8-90AD-D2D50E65079E}.Release|Any CPU.Deploy.0 = Release|Any CPU
	EndGlobalSection
	GlobalSection(SolutionProperties) = preSolution
		HideSolutionNode = FALSE
	EndGlobalSection
	GlobalSection(ExtensibilityGlobals) = postSolution
		SolutionGuid = {01DE2BA3-EEB3-4EC1-B8ED-4CB457F44D00}
	EndGlobalSection
EndGlobal
